
Microsoft Visual Studio Solution File, Format Version 12.00
# Visual Studio Version 16
VisualStudioVersion = 16.0.28822.285
MinimumVisualStudioVersion = 10.0.40219.1
Project("{FAE04EC0-301F-11D3-BF4B-00C04F79EFBC}") = "LambdaRemover", "LambdaRemover\LambdaRemover.csproj", "{B606CC5E-A9E9-444F-B6D9-F7795263737C}"
EndProject
Project("{FAE04EC0-301F-11D3-BF4B-00C04F79EFBC}") = "LambdaRemoverTests", "LambdaRemoverTests\LambdaRemoverTests.csproj", "{00A1B5D0-F409-4044-B894-A4EC5CA86EA6}"
EndProject
Global
	GlobalSection(SolutionConfigurationPlatforms) = preSolution
		Debug|Any CPU = Debug|Any CPU
		Release|Any CPU = Release|Any CPU
	EndGlobalSection
	GlobalSection(ProjectConfigurationPlatforms) = postSolution
		{B606CC5E-A9E9-444F-B6D9-F7795263737C}.Debug|Any CPU.ActiveCfg = Debug|Any CPU
		{B606CC5E-A9E9-444F-B6D9-F7795263737C}.Debug|Any CPU.Build.0 = Debug|Any CPU
		{B606CC5E-A9E9-444F-B6D9-F7795263737C}.Release|Any CPU.ActiveCfg = Release|Any CPU
		{B606CC5E-A9E9-444F-B6D9-F7795263737C}.Release|Any CPU.Build.0 = Release|Any CPU
		{00A1B5D0-F409-4044-B894-A4EC5CA86EA6}.Debug|Any CPU.ActiveCfg = Debug|Any CPU
		{00A1B5D0-F409-4044-B894-A4EC5CA86EA6}.Debug|Any CPU.Build.0 = Debug|Any CPU
		{00A1B5D0-F409-4044-B894-A4EC5CA86EA6}.Release|Any CPU.ActiveCfg = Release|Any CPU
		{00A1B5D0-F409-4044-B894-A4EC5CA86EA6}.Release|Any CPU.Build.0 = Release|Any CPU
	EndGlobalSection
	GlobalSection(SolutionProperties) = preSolution
		HideSolutionNode = FALSE
	EndGlobalSection
	GlobalSection(ExtensibilityGlobals) = postSolution
		SolutionGuid = {65BB83B2-EA03-4EB9-82ED-3ABC6D9DD071}
	EndGlobalSection
EndGlobal
